
Microsoft Visual Studio Solution File, Format Version 12.00
# Visual Studio Version 17
VisualStudioVersion = 17.11.35219.272
MinimumVisualStudioVersion = 10.0.40219.1
Project("{FAE04EC0-301F-11D3-BF4B-00C04F79EFBC}") = "ShopApp", "ShopApp\ShopApp.csproj", "{8C634529-9B2F-45C9-8884-49F7898FE543}"
EndProject
Global
	GlobalSection(SolutionConfigurationPlatforms) = preSolution
		Debug|Any CPU = Debug|Any CPU
		Release|Any CPU = Release|Any CPU
	EndGlobalSection
	GlobalSection(ProjectConfigurationPlatforms) = postSolution
		{8C634529-9B2F-45C9-8884-49F7898FE543}.Debug|Any CPU.ActiveCfg = Debug|Any CPU
		{8C634529-9B2F-45C9-8884-49F7898FE543}.Debug|Any CPU.Build.0 = Debug|Any CPU
		{8C634529-9B2F-45C9-8884-49F7898FE543}.Release|Any CPU.ActiveCfg = Release|Any CPU
		{8C634529-9B2F-45C9-8884-49F7898FE543}.Release|Any CPU.Build.0 = Release|Any CPU
	EndGlobalSection
	GlobalSection(SolutionProperties) = preSolution
		HideSolutionNode = FALSE
	EndGlobalSection
	GlobalSection(ExtensibilityGlobals) = postSolution
		SolutionGuid = {C0319749-48AD-433F-BCEC-B636CB12C520}
	EndGlobalSection
EndGlobal
